# This file is automatically @generated by Cargo.
# It is not intended for manual editing.
version = 4

[[package]]
name = "infi-consensus"
version = "0.1.0"
dependencies = [
 "infi-primitives",
]

[[package]]
name = "infi-evm"
version = "0.1.0"
dependencies = [
 "infi-primitives",
 "infi-storage",
]

[[package]]
name = "infi-mempool"
version = "0.1.0"
dependencies = [
 "infi-primitives",
]

[[package]]
name = "infi-node"
version = "0.1.0"
dependencies = [
 "infi-consensus",
 "infi-evm",
 "infi-mempool",
 "infi-primitives",
 "infi-rpc",
 "infi-storage",
]

[[package]]
name = "infi-primitives"
version = "0.1.0"

[[package]]
name = "infi-rpc"
version = "0.1.0"
dependencies = [
 "infi-primitives",
 "infi-storage",
]

[[package]]
name = "infi-storage"
version = "0.1.0"
dependencies = [
 "infi-primitives",
]
